<?xml version="1.0" encoding="utf-8"?>
<Project ToolsVersion="16.0" xmlns="http://schemas.microsoft.com/developer/msbuild/2003">
  <ItemGroup>
    <CustomBuild Include="F:\Documents\Creation of stuff\C++\Aqua-git\src\AssImp-build\CMakeFiles\5797aaf7f6d649e8402693427e8adfdf\INSTALL_force.rule">
      <Filter>CMake Rules</Filter>
    </CustomBuild>
  </ItemGroup>
  <ItemGroup>
    <Filter Include="CMake Rules">
      <UniqueIdentifier>{7B40E93B-6CD9-33FE-8D91-1B462469CBCA}</UniqueIdentifier>
    </Filter>
  </ItemGroup>
</Project>
