<?xml version="1.0" encoding="utf-8"?>
<Project ToolsVersion="16.0" xmlns="http://schemas.microsoft.com/developer/msbuild/2003">
  <ItemGroup>
    <ClCompile Include="F:\Documents\Creation of stuff\C++\Aqua-git\src\AssImp\contrib\irrXML\irrXML.cpp">
      <Filter>Source Files</Filter>
    </ClCompile>
  </ItemGroup>
  <ItemGroup>
    <ClInclude Include="F:\Documents\Creation of stuff\C++\Aqua-git\src\AssImp\contrib\irrXML\CXMLReaderImpl.h">
      <Filter>Header Files</Filter>
    </ClInclude>
    <ClInclude Include="F:\Documents\Creation of stuff\C++\Aqua-git\src\AssImp\contrib\irrXML\heapsort.h">
      <Filter>Header Files</Filter>
    </ClInclude>
    <ClInclude Include="F:\Documents\Creation of stuff\C++\Aqua-git\src\AssImp\contrib\irrXML\irrArray.h">
      <Filter>Header Files</Filter>
    </ClInclude>
    <ClInclude Include="F:\Documents\Creation of stuff\C++\Aqua-git\src\AssImp\contrib\irrXML\irrString.h">
      <Filter>Header Files</Filter>
    </ClInclude>
    <ClInclude Include="F:\Documents\Creation of stuff\C++\Aqua-git\src\AssImp\contrib\irrXML\irrTypes.h">
      <Filter>Header Files</Filter>
    </ClInclude>
    <ClInclude Include="F:\Documents\Creation of stuff\C++\Aqua-git\src\AssImp\contrib\irrXML\irrXML.h">
      <Filter>Header Files</Filter>
    </ClInclude>
  </ItemGroup>
  <ItemGroup>
    <CustomBuild Include="F:\Documents\Creation of stuff\C++\Aqua-git\src\AssImp\contrib\irrXML\CMakeLists.txt" />
  </ItemGroup>
  <ItemGroup>
    <Filter Include="Header Files">
      <UniqueIdentifier>{779C3ABC-514A-3EFC-A5E2-269FFD6360FE}</UniqueIdentifier>
    </Filter>
    <Filter Include="Source Files">
      <UniqueIdentifier>{6CB35EC3-B7CD-3F51-9BFE-0B770F1915EF}</UniqueIdentifier>
    </Filter>
  </ItemGroup>
</Project>
