Microsoft Visual Studio Solution File, Format Version 12.00
# Visual Studio 16
Project("{8BC9CEB8-8B4A-11D0-8D11-00A0C91BC942}") = "ALL_BUILD", "ALL_BUILD.vcxproj", "{75D041F3-D0A2-3BA5-AC60-68894C23B8DA}"
	ProjectSection(ProjectDependencies) = postProject
		{03B3F1DB-D197-3C0D-81B8-0619386E9380} = {03B3F1DB-D197-3C0D-81B8-0619386E9380}
		{2176938D-E4F4-3B9E-9A0D-C9AB196CBBBB} = {2176938D-E4F4-3B9E-9A0D-C9AB196CBBBB}
		{4DB2FF68-8C3D-3A58-A87F-6188DF3686D6} = {4DB2FF68-8C3D-3A58-A87F-6188DF3686D6}
		{5703C77C-5E1F-3D3F-AD39-A217F0D4D142} = {5703C77C-5E1F-3D3F-AD39-A217F0D4D142}
		{ACFC104D-3EC2-3F5E-8177-689E28D76BAF} = {ACFC104D-3EC2-3F5E-8177-689E28D76BAF}
		{0B98B760-544E-3C51-BC06-C8740F74EC66} = {0B98B760-544E-3C51-BC06-C8740F74EC66}
		{608BA612-9340-3F88-B828-E1E3476C1733} = {608BA612-9340-3F88-B828-E1E3476C1733}
	EndProjectSection
EndProject
Project("{8BC9CEB8-8B4A-11D0-8D11-00A0C91BC942}") = "INSTALL", "INSTALL.vcxproj", "{39D53DED-C095-3BB6-8FF0-CED2A46ABFB6}"
	ProjectSection(ProjectDependencies) = postProject
		{75D041F3-D0A2-3BA5-AC60-68894C23B8DA} = {75D041F3-D0A2-3BA5-AC60-68894C23B8DA}
		{2176938D-E4F4-3B9E-9A0D-C9AB196CBBBB} = {2176938D-E4F4-3B9E-9A0D-C9AB196CBBBB}
	EndProjectSection
EndProject
Project("{8BC9CEB8-8B4A-11D0-8D11-00A0C91BC942}") = "IrrXML", "contrib\irrXML\IrrXML.vcxproj", "{03B3F1DB-D197-3C0D-81B8-0619386E9380}"
	ProjectSection(ProjectDependencies) = postProject
		{2176938D-E4F4-3B9E-9A0D-C9AB196CBBBB} = {2176938D-E4F4-3B9E-9A0D-C9AB196CBBBB}
	EndProjectSection
EndProject
Project("{8BC9CEB8-8B4A-11D0-8D11-00A0C91BC942}") = "UpdateAssimpLibsDebugSymbolsAndDLLs", "UpdateAssimpLibsDebugSymbolsAndDLLs.vcxproj", "{C6FA15E6-D3DB-373E-AEF3-3EE7AF6BB946}"
	ProjectSection(ProjectDependencies) = postProject
		{2176938D-E4F4-3B9E-9A0D-C9AB196CBBBB} = {2176938D-E4F4-3B9E-9A0D-C9AB196CBBBB}
	EndProjectSection
EndProject
Project("{8BC9CEB8-8B4A-11D0-8D11-00A0C91BC942}") = "ZERO_CHECK", "ZERO_CHECK.vcxproj", "{2176938D-E4F4-3B9E-9A0D-C9AB196CBBBB}"
	ProjectSection(ProjectDependencies) = postProject
	EndProjectSection
EndProject
Project("{8BC9CEB8-8B4A-11D0-8D11-00A0C91BC942}") = "assimp", "code\assimp.vcxproj", "{4DB2FF68-8C3D-3A58-A87F-6188DF3686D6}"
	ProjectSection(ProjectDependencies) = postProject
		{03B3F1DB-D197-3C0D-81B8-0619386E9380} = {03B3F1DB-D197-3C0D-81B8-0619386E9380}
		{2176938D-E4F4-3B9E-9A0D-C9AB196CBBBB} = {2176938D-E4F4-3B9E-9A0D-C9AB196CBBBB}
		{608BA612-9340-3F88-B828-E1E3476C1733} = {608BA612-9340-3F88-B828-E1E3476C1733}
	EndProjectSection
EndProject
Project("{8BC9CEB8-8B4A-11D0-8D11-00A0C91BC942}") = "assimp_cmd", "tools\assimp_cmd\assimp_cmd.vcxproj", "{5703C77C-5E1F-3D3F-AD39-A217F0D4D142}"
	ProjectSection(ProjectDependencies) = postProject
		{03B3F1DB-D197-3C0D-81B8-0619386E9380} = {03B3F1DB-D197-3C0D-81B8-0619386E9380}
		{2176938D-E4F4-3B9E-9A0D-C9AB196CBBBB} = {2176938D-E4F4-3B9E-9A0D-C9AB196CBBBB}
		{4DB2FF68-8C3D-3A58-A87F-6188DF3686D6} = {4DB2FF68-8C3D-3A58-A87F-6188DF3686D6}
		{608BA612-9340-3F88-B828-E1E3476C1733} = {608BA612-9340-3F88-B828-E1E3476C1733}
	EndProjectSection
EndProject
Project("{8BC9CEB8-8B4A-11D0-8D11-00A0C91BC942}") = "uninstall", "uninstall.vcxproj", "{1225C865-1DBD-3646-AD71-F42C915C6960}"
	ProjectSection(ProjectDependencies) = postProject
		{2176938D-E4F4-3B9E-9A0D-C9AB196CBBBB} = {2176938D-E4F4-3B9E-9A0D-C9AB196CBBBB}
	EndProjectSection
EndProject
Project("{8BC9CEB8-8B4A-11D0-8D11-00A0C91BC942}") = "unit", "test\unit.vcxproj", "{ACFC104D-3EC2-3F5E-8177-689E28D76BAF}"
	ProjectSection(ProjectDependencies) = postProject
		{03B3F1DB-D197-3C0D-81B8-0619386E9380} = {03B3F1DB-D197-3C0D-81B8-0619386E9380}
		{2176938D-E4F4-3B9E-9A0D-C9AB196CBBBB} = {2176938D-E4F4-3B9E-9A0D-C9AB196CBBBB}
		{4DB2FF68-8C3D-3A58-A87F-6188DF3686D6} = {4DB2FF68-8C3D-3A58-A87F-6188DF3686D6}
		{608BA612-9340-3F88-B828-E1E3476C1733} = {608BA612-9340-3F88-B828-E1E3476C1733}
	EndProjectSection
EndProject
Project("{8BC9CEB8-8B4A-11D0-8D11-00A0C91BC942}") = "zlib", "contrib\zlib\zlib.vcxproj", "{0B98B760-544E-3C51-BC06-C8740F74EC66}"
	ProjectSection(ProjectDependencies) = postProject
		{2176938D-E4F4-3B9E-9A0D-C9AB196CBBBB} = {2176938D-E4F4-3B9E-9A0D-C9AB196CBBBB}
	EndProjectSection
EndProject
Project("{8BC9CEB8-8B4A-11D0-8D11-00A0C91BC942}") = "zlibstatic", "contrib\zlib\zlibstatic.vcxproj", "{608BA612-9340-3F88-B828-E1E3476C1733}"
	ProjectSection(ProjectDependencies) = postProject
		{2176938D-E4F4-3B9E-9A0D-C9AB196CBBBB} = {2176938D-E4F4-3B9E-9A0D-C9AB196CBBBB}
	EndProjectSection
EndProject
Global
	GlobalSection(SolutionConfigurationPlatforms) = preSolution
		Debug|x64 = Debug|x64
		Release|x64 = Release|x64
		MinSizeRel|x64 = MinSizeRel|x64
		RelWithDebInfo|x64 = RelWithDebInfo|x64
	EndGlobalSection
	GlobalSection(ProjectConfigurationPlatforms) = postSolution
		{75D041F3-D0A2-3BA5-AC60-68894C23B8DA}.Debug|x64.ActiveCfg = Debug|x64
		{75D041F3-D0A2-3BA5-AC60-68894C23B8DA}.Debug|x64.Build.0 = Debug|x64
		{75D041F3-D0A2-3BA5-AC60-68894C23B8DA}.Release|x64.ActiveCfg = Release|x64
		{75D041F3-D0A2-3BA5-AC60-68894C23B8DA}.Release|x64.Build.0 = Release|x64
		{75D041F3-D0A2-3BA5-AC60-68894C23B8DA}.MinSizeRel|x64.ActiveCfg = MinSizeRel|x64
		{75D041F3-D0A2-3BA5-AC60-68894C23B8DA}.MinSizeRel|x64.Build.0 = MinSizeRel|x64
		{75D041F3-D0A2-3BA5-AC60-68894C23B8DA}.RelWithDebInfo|x64.ActiveCfg = RelWithDebInfo|x64
		{75D041F3-D0A2-3BA5-AC60-68894C23B8DA}.RelWithDebInfo|x64.Build.0 = RelWithDebInfo|x64
		{39D53DED-C095-3BB6-8FF0-CED2A46ABFB6}.Debug|x64.ActiveCfg = Debug|x64
		{39D53DED-C095-3BB6-8FF0-CED2A46ABFB6}.Release|x64.ActiveCfg = Release|x64
		{39D53DED-C095-3BB6-8FF0-CED2A46ABFB6}.MinSizeRel|x64.ActiveCfg = MinSizeRel|x64
		{39D53DED-C095-3BB6-8FF0-CED2A46ABFB6}.RelWithDebInfo|x64.ActiveCfg = RelWithDebInfo|x64
		{03B3F1DB-D197-3C0D-81B8-0619386E9380}.Debug|x64.ActiveCfg = Debug|x64
		{03B3F1DB-D197-3C0D-81B8-0619386E9380}.Debug|x64.Build.0 = Debug|x64
		{03B3F1DB-D197-3C0D-81B8-0619386E9380}.Release|x64.ActiveCfg = Release|x64
		{03B3F1DB-D197-3C0D-81B8-0619386E9380}.Release|x64.Build.0 = Release|x64
		{03B3F1DB-D197-3C0D-81B8-0619386E9380}.MinSizeRel|x64.ActiveCfg = MinSizeRel|x64
		{03B3F1DB-D197-3C0D-81B8-0619386E9380}.MinSizeRel|x64.Build.0 = MinSizeRel|x64
		{03B3F1DB-D197-3C0D-81B8-0619386E9380}.RelWithDebInfo|x64.ActiveCfg = RelWithDebInfo|x64
		{03B3F1DB-D197-3C0D-81B8-0619386E9380}.RelWithDebInfo|x64.Build.0 = RelWithDebInfo|x64
		{C6FA15E6-D3DB-373E-AEF3-3EE7AF6BB946}.Debug|x64.ActiveCfg = Debug|x64
		{C6FA15E6-D3DB-373E-AEF3-3EE7AF6BB946}.Release|x64.ActiveCfg = Release|x64
		{C6FA15E6-D3DB-373E-AEF3-3EE7AF6BB946}.MinSizeRel|x64.ActiveCfg = MinSizeRel|x64
		{C6FA15E6-D3DB-373E-AEF3-3EE7AF6BB946}.RelWithDebInfo|x64.ActiveCfg = RelWithDebInfo|x64
		{2176938D-E4F4-3B9E-9A0D-C9AB196CBBBB}.Debug|x64.ActiveCfg = Debug|x64
		{2176938D-E4F4-3B9E-9A0D-C9AB196CBBBB}.Debug|x64.Build.0 = Debug|x64
		{2176938D-E4F4-3B9E-9A0D-C9AB196CBBBB}.Release|x64.ActiveCfg = Release|x64
		{2176938D-E4F4-3B9E-9A0D-C9AB196CBBBB}.Release|x64.Build.0 = Release|x64
		{2176938D-E4F4-3B9E-9A0D-C9AB196CBBBB}.MinSizeRel|x64.ActiveCfg = MinSizeRel|x64
		{2176938D-E4F4-3B9E-9A0D-C9AB196CBBBB}.MinSizeRel|x64.Build.0 = MinSizeRel|x64
		{2176938D-E4F4-3B9E-9A0D-C9AB196CBBBB}.RelWithDebInfo|x64.ActiveCfg = RelWithDebInfo|x64
		{2176938D-E4F4-3B9E-9A0D-C9AB196CBBBB}.RelWithDebInfo|x64.Build.0 = RelWithDebInfo|x64
		{4DB2FF68-8C3D-3A58-A87F-6188DF3686D6}.Debug|x64.ActiveCfg = Debug|x64
		{4DB2FF68-8C3D-3A58-A87F-6188DF3686D6}.Debug|x64.Build.0 = Debug|x64
		{4DB2FF68-8C3D-3A58-A87F-6188DF3686D6}.Release|x64.ActiveCfg = Release|x64
		{4DB2FF68-8C3D-3A58-A87F-6188DF3686D6}.Release|x64.Build.0 = Release|x64
		{4DB2FF68-8C3D-3A58-A87F-6188DF3686D6}.MinSizeRel|x64.ActiveCfg = MinSizeRel|x64
		{4DB2FF68-8C3D-3A58-A87F-6188DF3686D6}.MinSizeRel|x64.Build.0 = MinSizeRel|x64
		{4DB2FF68-8C3D-3A58-A87F-6188DF3686D6}.RelWithDebInfo|x64.ActiveCfg = RelWithDebInfo|x64
		{4DB2FF68-8C3D-3A58-A87F-6188DF3686D6}.RelWithDebInfo|x64.Build.0 = RelWithDebInfo|x64
		{5703C77C-5E1F-3D3F-AD39-A217F0D4D142}.Debug|x64.ActiveCfg = Debug|x64
		{5703C77C-5E1F-3D3F-AD39-A217F0D4D142}.Debug|x64.Build.0 = Debug|x64
		{5703C77C-5E1F-3D3F-AD39-A217F0D4D142}.Release|x64.ActiveCfg = Release|x64
		{5703C77C-5E1F-3D3F-AD39-A217F0D4D142}.Release|x64.Build.0 = Release|x64
		{5703C77C-5E1F-3D3F-AD39-A217F0D4D142}.MinSizeRel|x64.ActiveCfg = MinSizeRel|x64
		{5703C77C-5E1F-3D3F-AD39-A217F0D4D142}.MinSizeRel|x64.Build.0 = MinSizeRel|x64
		{5703C77C-5E1F-3D3F-AD39-A217F0D4D142}.RelWithDebInfo|x64.ActiveCfg = RelWithDebInfo|x64
		{5703C77C-5E1F-3D3F-AD39-A217F0D4D142}.RelWithDebInfo|x64.Build.0 = RelWithDebInfo|x64
		{1225C865-1DBD-3646-AD71-F42C915C6960}.Debug|x64.ActiveCfg = Debug|x64
		{1225C865-1DBD-3646-AD71-F42C915C6960}.Release|x64.ActiveCfg = Release|x64
		{1225C865-1DBD-3646-AD71-F42C915C6960}.MinSizeRel|x64.ActiveCfg = MinSizeRel|x64
		{1225C865-1DBD-3646-AD71-F42C915C6960}.RelWithDebInfo|x64.ActiveCfg = RelWithDebInfo|x64
		{ACFC104D-3EC2-3F5E-8177-689E28D76BAF}.Debug|x64.ActiveCfg = Debug|x64
		{ACFC104D-3EC2-3F5E-8177-689E28D76BAF}.Debug|x64.Build.0 = Debug|x64
		{ACFC104D-3EC2-3F5E-8177-689E28D76BAF}.Release|x64.ActiveCfg = Release|x64
		{ACFC104D-3EC2-3F5E-8177-689E28D76BAF}.Release|x64.Build.0 = Release|x64
		{ACFC104D-3EC2-3F5E-8177-689E28D76BAF}.MinSizeRel|x64.ActiveCfg = MinSizeRel|x64
		{ACFC104D-3EC2-3F5E-8177-689E28D76BAF}.MinSizeRel|x64.Build.0 = MinSizeRel|x64
		{ACFC104D-3EC2-3F5E-8177-689E28D76BAF}.RelWithDebInfo|x64.ActiveCfg = RelWithDebInfo|x64
		{ACFC104D-3EC2-3F5E-8177-689E28D76BAF}.RelWithDebInfo|x64.Build.0 = RelWithDebInfo|x64
		{0B98B760-544E-3C51-BC06-C8740F74EC66}.Debug|x64.ActiveCfg = Debug|x64
		{0B98B760-544E-3C51-BC06-C8740F74EC66}.Debug|x64.Build.0 = Debug|x64
		{0B98B760-544E-3C51-BC06-C8740F74EC66}.Release|x64.ActiveCfg = Release|x64
		{0B98B760-544E-3C51-BC06-C8740F74EC66}.Release|x64.Build.0 = Release|x64
		{0B98B760-544E-3C51-BC06-C8740F74EC66}.MinSizeRel|x64.ActiveCfg = MinSizeRel|x64
		{0B98B760-544E-3C51-BC06-C8740F74EC66}.MinSizeRel|x64.Build.0 = MinSizeRel|x64
		{0B98B760-544E-3C51-BC06-C8740F74EC66}.RelWithDebInfo|x64.ActiveCfg = RelWithDebInfo|x64
		{0B98B760-544E-3C51-BC06-C8740F74EC66}.RelWithDebInfo|x64.Build.0 = RelWithDebInfo|x64
		{608BA612-9340-3F88-B828-E1E3476C1733}.Debug|x64.ActiveCfg = Debug|x64
		{608BA612-9340-3F88-B828-E1E3476C1733}.Debug|x64.Build.0 = Debug|x64
		{608BA612-9340-3F88-B828-E1E3476C1733}.Release|x64.ActiveCfg = Release|x64
		{608BA612-9340-3F88-B828-E1E3476C1733}.Release|x64.Build.0 = Release|x64
		{608BA612-9340-3F88-B828-E1E3476C1733}.MinSizeRel|x64.ActiveCfg = MinSizeRel|x64
		{608BA612-9340-3F88-B828-E1E3476C1733}.MinSizeRel|x64.Build.0 = MinSizeRel|x64
		{608BA612-9340-3F88-B828-E1E3476C1733}.RelWithDebInfo|x64.ActiveCfg = RelWithDebInfo|x64
		{608BA612-9340-3F88-B828-E1E3476C1733}.RelWithDebInfo|x64.Build.0 = RelWithDebInfo|x64
	EndGlobalSection
	GlobalSection(ExtensibilityGlobals) = postSolution
		SolutionGuid = {3B46A169-12A6-3FE5-B5F0-A78EB3189BB2}
	EndGlobalSection
	GlobalSection(ExtensibilityAddIns) = postSolution
	EndGlobalSection
EndGlobal
